
Microsoft Visual Studio Solution File, Format Version 12.00
# Visual Studio Version 17
VisualStudioVersion = 17.14.36518.9 d17.14
MinimumVisualStudioVersion = 10.0.40219.1
Project("{FAE04EC0-301F-11D3-BF4B-00C04F79EFBC}") = "pr10ind", "pr10ind\pr10ind.csproj", "{2F33DB62-FB31-44A3-A184-E45E5FCD30B5}"
EndProject
Global
	GlobalSection(SolutionConfigurationPlatforms) = preSolution
		Debug|Any CPU = Debug|Any CPU
		Release|Any CPU = Release|Any CPU
	EndGlobalSection
	GlobalSection(ProjectConfigurationPlatforms) = postSolution
		{2F33DB62-FB31-44A3-A184-E45E5FCD30B5}.Debug|Any CPU.ActiveCfg = Debug|Any CPU
		{2F33DB62-FB31-44A3-A184-E45E5FCD30B5}.Debug|Any CPU.Build.0 = Debug|Any CPU
		{2F33DB62-FB31-44A3-A184-E45E5FCD30B5}.Release|Any CPU.ActiveCfg = Release|Any CPU
		{2F33DB62-FB31-44A3-A184-E45E5FCD30B5}.Release|Any CPU.Build.0 = Release|Any CPU
	EndGlobalSection
	GlobalSection(SolutionProperties) = preSolution
		HideSolutionNode = FALSE
	EndGlobalSection
	GlobalSection(ExtensibilityGlobals) = postSolution
		SolutionGuid = {119900DE-7EA7-4E81-9D26-496E07687E9D}
	EndGlobalSection
EndGlobal
